
Microsoft Visual Studio Solution File, Format Version 12.00
# Visual Studio 14
VisualStudioVersion = 14.0.23107.0
MinimumVisualStudioVersion = 10.0.40219.1
Project("{FAE04EC0-301F-11D3-BF4B-00C04F79EFBC}") = "office2swf", "office2swf\office2swf.csproj", "{D858E839-F488-467F-9948-DC2F1BC106AF}"
EndProject
Project("{FAE04EC0-301F-11D3-BF4B-00C04F79EFBC}") = "office2swfconf", "office2swfconf\office2swfconf.csproj", "{661E7762-E1AC-4E20-8420-0C20BEF349CB}"
EndProject
Global
	GlobalSection(SolutionConfigurationPlatforms) = preSolution
		Debug|Any CPU = Debug|Any CPU
		Release|Any CPU = Release|Any CPU
	EndGlobalSection
	GlobalSection(ProjectConfigurationPlatforms) = postSolution
		{D858E839-F488-467F-9948-DC2F1BC106AF}.Debug|Any CPU.ActiveCfg = Debug|Any CPU
		{D858E839-F488-467F-9948-DC2F1BC106AF}.Debug|Any CPU.Build.0 = Debug|Any CPU
		{D858E839-F488-467F-9948-DC2F1BC106AF}.Release|Any CPU.ActiveCfg = Release|Any CPU
		{D858E839-F488-467F-9948-DC2F1BC106AF}.Release|Any CPU.Build.0 = Release|Any CPU
		{661E7762-E1AC-4E20-8420-0C20BEF349CB}.Debug|Any CPU.ActiveCfg = Debug|Any CPU
		{661E7762-E1AC-4E20-8420-0C20BEF349CB}.Debug|Any CPU.Build.0 = Debug|Any CPU
		{661E7762-E1AC-4E20-8420-0C20BEF349CB}.Release|Any CPU.ActiveCfg = Release|Any CPU
		{661E7762-E1AC-4E20-8420-0C20BEF349CB}.Release|Any CPU.Build.0 = Release|Any CPU
	EndGlobalSection
	GlobalSection(SolutionProperties) = preSolution
		HideSolutionNode = FALSE
	EndGlobalSection
EndGlobal
