
Microsoft Visual Studio Solution File, Format Version 12.00
# Visual Studio 14
VisualStudioVersion = 14.0.23107.0
MinimumVisualStudioVersion = 10.0.40219.1
Project("{888888A0-9F3D-457C-B088-3A5042F75D52}") = "pythonsock", "pythonsock\pythonsock.pyproj", "{6434EDD2-B81C-473C-9DED-AE161510EAB9}"
EndProject
Project("{8BC9CEB8-8B4A-11D0-8D11-00A0C91BC942}") = "libevtest", "libevtest\libevtest.vcxproj", "{EE33FE71-C27F-4473-89C5-574DFACCE632}"
EndProject
Project("{8BC9CEB8-8B4A-11D0-8D11-00A0C91BC942}") = "socketclient", "socketclient\socketclient.vcxproj", "{F81B5E27-C8D9-4E33-A1BA-63B67C25E3D2}"
EndProject
Project("{888888A0-9F3D-457C-B088-3A5042F75D52}") = "simpleflask", "simpleflask\simpleflask.pyproj", "{68629DC5-D45B-41C4-9AF7-100A25CA6F3B}"
EndProject
Project("{888888A0-9F3D-457C-B088-3A5042F75D52}") = "FlaskDemo1", "FlaskDemo1\FlaskDemo1.pyproj", "{EB8477C3-6DE5-42EC-A6DA-0BE1597F4B26}"
EndProject
Project("{8BC9CEB8-8B4A-11D0-8D11-00A0C91BC942}") = "ehcobylibevent", "ehcobylibevent\ehcobylibevent.vcxproj", "{3DBFA66B-FE57-413C-A945-13AD67D18E25}"
EndProject
Project("{888888A0-9F3D-457C-B088-3A5042F75D52}") = "DjangoDemo1", "DjangoDemo1\DjangoDemo1.pyproj", "{2C758F39-5C0C-493D-83F9-DCDC2FBE0A2D}"
EndProject
Project("{8BC9CEB8-8B4A-11D0-8D11-00A0C91BC942}") = "libeventclinet", "libeventclinet\libeventclinet.vcxproj", "{136A7F39-3FC3-4360-9117-5ACA5AA04AE8}"
EndProject
Global
	GlobalSection(SolutionConfigurationPlatforms) = preSolution
		Debug|Any CPU = Debug|Any CPU
		Debug|x64 = Debug|x64
		Debug|x86 = Debug|x86
		Release|Any CPU = Release|Any CPU
		Release|x64 = Release|x64
		Release|x86 = Release|x86
	EndGlobalSection
	GlobalSection(ProjectConfigurationPlatforms) = postSolution
		{6434EDD2-B81C-473C-9DED-AE161510EAB9}.Debug|Any CPU.ActiveCfg = Debug|Any CPU
		{6434EDD2-B81C-473C-9DED-AE161510EAB9}.Debug|x64.ActiveCfg = Debug|Any CPU
		{6434EDD2-B81C-473C-9DED-AE161510EAB9}.Debug|x86.ActiveCfg = Debug|Any CPU
		{6434EDD2-B81C-473C-9DED-AE161510EAB9}.Release|Any CPU.ActiveCfg = Release|Any CPU
		{6434EDD2-B81C-473C-9DED-AE161510EAB9}.Release|x64.ActiveCfg = Release|Any CPU
		{6434EDD2-B81C-473C-9DED-AE161510EAB9}.Release|x86.ActiveCfg = Release|Any CPU
		{EE33FE71-C27F-4473-89C5-574DFACCE632}.Debug|Any CPU.ActiveCfg = Debug|Win32
		{EE33FE71-C27F-4473-89C5-574DFACCE632}.Debug|x64.ActiveCfg = Debug|x64
		{EE33FE71-C27F-4473-89C5-574DFACCE632}.Debug|x64.Build.0 = Debug|x64
		{EE33FE71-C27F-4473-89C5-574DFACCE632}.Debug|x86.ActiveCfg = Debug|Win32
		{EE33FE71-C27F-4473-89C5-574DFACCE632}.Debug|x86.Build.0 = Debug|Win32
		{EE33FE71-C27F-4473-89C5-574DFACCE632}.Release|Any CPU.ActiveCfg = Release|Win32
		{EE33FE71-C27F-4473-89C5-574DFACCE632}.Release|x64.ActiveCfg = Release|x64
		{EE33FE71-C27F-4473-89C5-574DFACCE632}.Release|x64.Build.0 = Release|x64
		{EE33FE71-C27F-4473-89C5-574DFACCE632}.Release|x86.ActiveCfg = Release|Win32
		{EE33FE71-C27F-4473-89C5-574DFACCE632}.Release|x86.Build.0 = Release|Win32
		{F81B5E27-C8D9-4E33-A1BA-63B67C25E3D2}.Debug|Any CPU.ActiveCfg = Debug|Win32
		{F81B5E27-C8D9-4E33-A1BA-63B67C25E3D2}.Debug|x64.ActiveCfg = Debug|x64
		{F81B5E27-C8D9-4E33-A1BA-63B67C25E3D2}.Debug|x64.Build.0 = Debug|x64
		{F81B5E27-C8D9-4E33-A1BA-63B67C25E3D2}.Debug|x86.ActiveCfg = Debug|Win32
		{F81B5E27-C8D9-4E33-A1BA-63B67C25E3D2}.Debug|x86.Build.0 = Debug|Win32
		{F81B5E27-C8D9-4E33-A1BA-63B67C25E3D2}.Release|Any CPU.ActiveCfg = Release|Win32
		{F81B5E27-C8D9-4E33-A1BA-63B67C25E3D2}.Release|x64.ActiveCfg = Release|x64
		{F81B5E27-C8D9-4E33-A1BA-63B67C25E3D2}.Release|x64.Build.0 = Release|x64
		{F81B5E27-C8D9-4E33-A1BA-63B67C25E3D2}.Release|x86.ActiveCfg = Release|Win32
		{F81B5E27-C8D9-4E33-A1BA-63B67C25E3D2}.Release|x86.Build.0 = Release|Win32
		{68629DC5-D45B-41C4-9AF7-100A25CA6F3B}.Debug|Any CPU.ActiveCfg = Debug|Any CPU
		{68629DC5-D45B-41C4-9AF7-100A25CA6F3B}.Debug|Any CPU.Build.0 = Debug|Any CPU
		{68629DC5-D45B-41C4-9AF7-100A25CA6F3B}.Debug|x64.ActiveCfg = Debug|Any CPU
		{68629DC5-D45B-41C4-9AF7-100A25CA6F3B}.Debug|x64.Build.0 = Debug|Any CPU
		{68629DC5-D45B-41C4-9AF7-100A25CA6F3B}.Debug|x86.ActiveCfg = Debug|Any CPU
		{68629DC5-D45B-41C4-9AF7-100A25CA6F3B}.Debug|x86.Build.0 = Debug|Any CPU
		{68629DC5-D45B-41C4-9AF7-100A25CA6F3B}.Release|Any CPU.ActiveCfg = Release|Any CPU
		{68629DC5-D45B-41C4-9AF7-100A25CA6F3B}.Release|Any CPU.Build.0 = Release|Any CPU
		{68629DC5-D45B-41C4-9AF7-100A25CA6F3B}.Release|x64.ActiveCfg = Release|Any CPU
		{68629DC5-D45B-41C4-9AF7-100A25CA6F3B}.Release|x64.Build.0 = Release|Any CPU
		{68629DC5-D45B-41C4-9AF7-100A25CA6F3B}.Release|x86.ActiveCfg = Release|Any CPU
		{68629DC5-D45B-41C4-9AF7-100A25CA6F3B}.Release|x86.Build.0 = Release|Any CPU
		{EB8477C3-6DE5-42EC-A6DA-0BE1597F4B26}.Debug|Any CPU.ActiveCfg = Debug|Any CPU
		{EB8477C3-6DE5-42EC-A6DA-0BE1597F4B26}.Debug|Any CPU.Build.0 = Debug|Any CPU
		{EB8477C3-6DE5-42EC-A6DA-0BE1597F4B26}.Debug|x64.ActiveCfg = Debug|Any CPU
		{EB8477C3-6DE5-42EC-A6DA-0BE1597F4B26}.Debug|x64.Build.0 = Debug|Any CPU
		{EB8477C3-6DE5-42EC-A6DA-0BE1597F4B26}.Debug|x86.ActiveCfg = Debug|Any CPU
		{EB8477C3-6DE5-42EC-A6DA-0BE1597F4B26}.Debug|x86.Build.0 = Debug|Any CPU
		{EB8477C3-6DE5-42EC-A6DA-0BE1597F4B26}.Release|Any CPU.ActiveCfg = Release|Any CPU
		{EB8477C3-6DE5-42EC-A6DA-0BE1597F4B26}.Release|Any CPU.Build.0 = Release|Any CPU
		{EB8477C3-6DE5-42EC-A6DA-0BE1597F4B26}.Release|x64.ActiveCfg = Release|Any CPU
		{EB8477C3-6DE5-42EC-A6DA-0BE1597F4B26}.Release|x64.Build.0 = Release|Any CPU
		{EB8477C3-6DE5-42EC-A6DA-0BE1597F4B26}.Release|x86.ActiveCfg = Release|Any CPU
		{EB8477C3-6DE5-42EC-A6DA-0BE1597F4B26}.Release|x86.Build.0 = Release|Any CPU
		{3DBFA66B-FE57-413C-A945-13AD67D18E25}.Debug|Any CPU.ActiveCfg = Debug|Win32
		{3DBFA66B-FE57-413C-A945-13AD67D18E25}.Debug|x64.ActiveCfg = Debug|x64
		{3DBFA66B-FE57-413C-A945-13AD67D18E25}.Debug|x64.Build.0 = Debug|x64
		{3DBFA66B-FE57-413C-A945-13AD67D18E25}.Debug|x86.ActiveCfg = Debug|Win32
		{3DBFA66B-FE57-413C-A945-13AD67D18E25}.Debug|x86.Build.0 = Debug|Win32
		{3DBFA66B-FE57-413C-A945-13AD67D18E25}.Release|Any CPU.ActiveCfg = Release|Win32
		{3DBFA66B-FE57-413C-A945-13AD67D18E25}.Release|x64.ActiveCfg = Release|x64
		{3DBFA66B-FE57-413C-A945-13AD67D18E25}.Release|x64.Build.0 = Release|x64
		{3DBFA66B-FE57-413C-A945-13AD67D18E25}.Release|x86.ActiveCfg = Release|Win32
		{3DBFA66B-FE57-413C-A945-13AD67D18E25}.Release|x86.Build.0 = Release|Win32
		{2C758F39-5C0C-493D-83F9-DCDC2FBE0A2D}.Debug|Any CPU.ActiveCfg = Debug|Any CPU
		{2C758F39-5C0C-493D-83F9-DCDC2FBE0A2D}.Debug|Any CPU.Build.0 = Debug|Any CPU
		{2C758F39-5C0C-493D-83F9-DCDC2FBE0A2D}.Debug|x64.ActiveCfg = Debug|Any CPU
		{2C758F39-5C0C-493D-83F9-DCDC2FBE0A2D}.Debug|x64.Build.0 = Debug|Any CPU
		{2C758F39-5C0C-493D-83F9-DCDC2FBE0A2D}.Debug|x86.ActiveCfg = Debug|Any CPU
		{2C758F39-5C0C-493D-83F9-DCDC2FBE0A2D}.Debug|x86.Build.0 = Debug|Any CPU
		{2C758F39-5C0C-493D-83F9-DCDC2FBE0A2D}.Release|Any CPU.ActiveCfg = Release|Any CPU
		{2C758F39-5C0C-493D-83F9-DCDC2FBE0A2D}.Release|Any CPU.Build.0 = Release|Any CPU
		{2C758F39-5C0C-493D-83F9-DCDC2FBE0A2D}.Release|x64.ActiveCfg = Release|Any CPU
		{2C758F39-5C0C-493D-83F9-DCDC2FBE0A2D}.Release|x64.Build.0 = Release|Any CPU
		{2C758F39-5C0C-493D-83F9-DCDC2FBE0A2D}.Release|x86.ActiveCfg = Release|Any CPU
		{2C758F39-5C0C-493D-83F9-DCDC2FBE0A2D}.Release|x86.Build.0 = Release|Any CPU
		{136A7F39-3FC3-4360-9117-5ACA5AA04AE8}.Debug|Any CPU.ActiveCfg = Debug|Win32
		{136A7F39-3FC3-4360-9117-5ACA5AA04AE8}.Debug|x64.ActiveCfg = Debug|x64
		{136A7F39-3FC3-4360-9117-5ACA5AA04AE8}.Debug|x64.Build.0 = Debug|x64
		{136A7F39-3FC3-4360-9117-5ACA5AA04AE8}.Debug|x86.ActiveCfg = Debug|Win32
		{136A7F39-3FC3-4360-9117-5ACA5AA04AE8}.Debug|x86.Build.0 = Debug|Win32
		{136A7F39-3FC3-4360-9117-5ACA5AA04AE8}.Release|Any CPU.ActiveCfg = Release|Win32
		{136A7F39-3FC3-4360-9117-5ACA5AA04AE8}.Release|x64.ActiveCfg = Release|x64
		{136A7F39-3FC3-4360-9117-5ACA5AA04AE8}.Release|x64.Build.0 = Release|x64
		{136A7F39-3FC3-4360-9117-5ACA5AA04AE8}.Release|x86.ActiveCfg = Release|Win32
		{136A7F39-3FC3-4360-9117-5ACA5AA04AE8}.Release|x86.Build.0 = Release|Win32
	EndGlobalSection
	GlobalSection(SolutionProperties) = preSolution
		HideSolutionNode = FALSE
	EndGlobalSection
EndGlobal
